{
  "lockfileVersion": 1,
  "workspaces": {
    "": {
      "name": "portfolio",
      "dependencies": {
        "alpinejs": "^3.15.2",
      },
    },
  },
  "packages": {
    "@vue/reactivity": ["@vue/reactivity@3.1.5", "", { "dependencies": { "@vue/shared": "3.1.5" } }, "sha512-1tdfLmNjWG6t/CsPldh+foumYFo3cpyCHgBYQ34ylaMsJ+SNHQ1kApMIa8jN+i593zQuaw3AdWH0nJTARzCFhg=="],

    "@vue/shared": ["@vue/shared@3.1.5", "", {}, "sha512-oJ4F3TnvpXaQwZJNF3ZK+kLPHKarDmJjJ6jyzVNDKH9md1dptjC7lWR//jrGuLdek/U6iltWxqAnYOu8gCiOvA=="],

    "alpinejs": ["alpinejs@3.15.2", "", { "dependencies": { "@vue/reactivity": "~3.1.1" } }, "sha512-2kYF2aG+DTFkE6p0rHG5XmN4VEb6sO9b02aOdU4+i8QN6rL0DbRZQiypDE1gBcGO65yDcqMz5KKYUYgMUxgNkw=="],
  }
}
